
Microsoft Visual Studio Solution File, Format Version 12.00
# Visual Studio Version 17
VisualStudioVersion = 17.3.32922.545
MinimumVisualStudioVersion = 10.0.40219.1
Project("{FAE04EC0-301F-11D3-BF4B-00C04F79EFBC}") = "RouteRule", "RouteRule\RouteRule.csproj", "{F95D5CD7-B1CD-4A75-8103-63039DAABD4C}"
EndProject
Global
	GlobalSection(SolutionConfigurationPlatforms) = preSolution
		Debug|Any CPU = Debug|Any CPU
		Release|Any CPU = Release|Any CPU
	EndGlobalSection
	GlobalSection(ProjectConfigurationPlatforms) = postSolution
		{F95D5CD7-B1CD-4A75-8103-63039DAABD4C}.Debug|Any CPU.ActiveCfg = Debug|Any CPU
		{F95D5CD7-B1CD-4A75-8103-63039DAABD4C}.Debug|Any CPU.Build.0 = Debug|Any CPU
		{F95D5CD7-B1CD-4A75-8103-63039DAABD4C}.Release|Any CPU.ActiveCfg = Release|Any CPU
		{F95D5CD7-B1CD-4A75-8103-63039DAABD4C}.Release|Any CPU.Build.0 = Release|Any CPU
	EndGlobalSection
	GlobalSection(SolutionProperties) = preSolution
		HideSolutionNode = FALSE
	EndGlobalSection
	GlobalSection(ExtensibilityGlobals) = postSolution
		SolutionGuid = {CE39BC1B-9273-4653-BAD1-43DB2FC64404}
	EndGlobalSection
EndGlobal
